{
    "_readme": [
        "This file locks the dependencies of your project to a known state",
        "Read more about it at http://getcomposer.org/doc/01-basic-usage.md#composer-lock-the-lock-file"
    ],
    "hash": "a1105ac90f685a31f2f32ff8a727ed7d",
    "packages": [
        {
            "name": "jamesmoss/flywheel",
            "version": "0.1.0",
            "source": {
                "type": "git",
                "url": "https://github.com/jamesmoss/flywheel.git",
                "reference": "6274da61c46f9e21b3564144a54dbe87e96751a3"
            },
            "dist": {
                "type": "zip",
                "url": "https://api.github.com/repos/jamesmoss/flywheel/zipball/6274da61c46f9e21b3564144a54dbe87e96751a3",
                "reference": "6274da61c46f9e21b3564144a54dbe87e96751a3",
                "shasum": ""
            },
            "require": {
                "php": ">=5.3.2"
            },
            "require-dev": {
                "mikey179/vfsstream": "1.2.0",
                "mockery/mockery": "dev-master@dev",
                "phpunit/phpunit": "3.7.*",
                "symfony/yaml": "2.4.*"
            },
            "suggest": {
                "symfony/yaml": "You must install this if you're using the YAML or Markdown formatters."
            },
            "type": "library",
            "autoload": {
                "psr-0": {
                    "JamesMoss\\Flywheel\\": [
                        "src/",
                        "test/"
                    ]
                }
            },
            "notification-url": "https://packagist.org/downloads/",
            "license": [
                "MIT"
            ],
            "authors": [
                {
                    "name": "James Moss",
                    "email": "james@moss.io",
                    "homepage": "http://moss.io"
                }
            ],
            "description": "A lightweight, flat-file, document database",
            "homepage": "http://github.com/jamesmoss/flywheel",
            "keywords": [
                "db",
                "document",
                "file",
                "flat"
            ],
            "time": "2014-01-14 20:17:28"
        },
        {
            "name": "slim/slim",
            "version": "2.4.0",
            "source": {
                "type": "git",
                "url": "https://github.com/codeguy/Slim.git",
                "reference": "ff7d7148848fa4f45712984d7b91ac3cbced586b"
            },
            "dist": {
                "type": "zip",
                "url": "https://api.github.com/repos/codeguy/Slim/zipball/ff7d7148848fa4f45712984d7b91ac3cbced586b",
                "reference": "ff7d7148848fa4f45712984d7b91ac3cbced586b",
                "shasum": ""
            },
            "require": {
                "php": ">=5.3.0"
            },
            "suggest": {
                "ext-mcrypt": "Required for HTTP cookie encryption"
            },
            "type": "library",
            "autoload": {
                "psr-0": {
                    "Slim": "."
                }
            },
            "notification-url": "https://packagist.org/downloads/",
            "license": [
                "MIT"
            ],
            "authors": [
                {
                    "name": "Josh Lockhart",
                    "email": "info@joshlockhart.com",
                    "homepage": "http://www.joshlockhart.com/"
                }
            ],
            "description": "Slim Framework, a PHP micro framework",
            "homepage": "http://github.com/codeguy/Slim",
            "keywords": [
                "microframework",
                "rest",
                "router"
            ],
            "time": "2013-11-29 20:33:36"
        }
    ],
    "packages-dev": [

    ],
    "aliases": [

    ],
    "minimum-stability": "stable",
    "stability-flags": [

    ],
    "platform": [

    ],
    "platform-dev": [

    ]
}
